{
  "name": "enviroquest-frontend-typescipt",
  "version": "1.0.0",
  "lockfileVersion": 1,
  "requires": true,
  "dependencies": {
    "@types/jspdf": {
      "version": "1.3.0",
      "resolved": "https://registry.npmjs.org/@types/jspdf/-/jspdf-1.3.0.tgz",
      "integrity": "sha512-lbOCtX/1mANeb5Apf9QfQ/n3guPf+NzCvdNuRnPZpG3lXiG/e1Cr+Pv2AoCVu8+h8NtYczO6ftezeP4DDHrq4g=="
    },
    "big.js": {
      "version": "3.2.0",
      "resolved": "https://registry.npmjs.org/big.js/-/big.js-3.2.0.tgz",
      "integrity": "sha512-+hN/Zh2D08Mx65pZ/4g5bsmNiZUuChDiQfTUQ7qJr4/kuopCr88xZsAXv6mBoZEsUI4OuGHlX59qE94K2mMW8Q=="
    },
    "ejs-loader": {
      "version": "0.3.3",
      "resolved": "https://registry.npmjs.org/ejs-loader/-/ejs-loader-0.3.3.tgz",
      "integrity": "sha512-1pQNFYu+4VIeLLNrSZ8QaiyFk9oXv8koUyQ2Pz5k0dw89HHjeiliTPQ46GfqAzCqJ8cEq8QFNj/HsVjyIuzKEA==",
      "requires": {
        "loader-utils": "^0.2.7",
        "lodash": "^4.17.11"
      }
    },
    "emojis-list": {
      "version": "2.1.0",
      "resolved": "https://registry.npmjs.org/emojis-list/-/emojis-list-2.1.0.tgz",
      "integrity": "sha1-TapNnbAPmBmIDHn6RXrlsJof04k="
    },
    "json5": {
      "version": "0.5.1",
      "resolved": "https://registry.npmjs.org/json5/-/json5-0.5.1.tgz",
      "integrity": "sha1-Hq3nrMASA0rYTiOWdn6tn6VJWCE="
    },
    "loader-utils": {
      "version": "0.2.17",
      "resolved": "https://registry.npmjs.org/loader-utils/-/loader-utils-0.2.17.tgz",
      "integrity": "sha1-+G5jdNQyBabmxg6RlvF8Apm/s0g=",
      "requires": {
        "big.js": "^3.1.3",
        "emojis-list": "^2.0.0",
        "json5": "^0.5.0",
        "object-assign": "^4.0.1"
      }
    },
    "lodash": {
      "version": "4.17.11",
      "resolved": "https://registry.npmjs.org/lodash/-/lodash-4.17.11.tgz",
      "integrity": "sha512-cQKh8igo5QUhZ7lg38DYWAxMvjSAKG0A8wGSVimP07SIUEK2UO+arSRKbRZWtelMtN5V0Hkwh5ryOto/SshYIg=="
    },
    "object-assign": {
      "version": "4.1.1",
      "resolved": "https://registry.npmjs.org/object-assign/-/object-assign-4.1.1.tgz",
      "integrity": "sha1-IQmtx5ZYh8/AXLvUQsrIv7s2CGM="
    }
  }
}
